// !$*UTF8*$!
{
	archiveVersion = 1;
	classes = {
	};
	objectVersion = 50;
	objects = {

/* Begin PBXBuildFile section */
		3BA8E3D22157039500D7926D /* AppDelegate.swift in Sources */ = {isa = PBXBuildFile; fileRef = 3BA8E3D12157039500D7926D /* AppDelegate.swift */; };
		3BA8E3D72157039500D7926D /* Main.storyboard in Resources */ = {isa = PBXBuildFile; fileRef = 3BA8E3D52157039500D7926D /* Main.storyboard */; };
		3BA8E3D92157039700D7926D /* Assets.xcassets in Resources */ = {isa = PBXBuildFile; fileRef = 3BA8E3D82157039700D7926D /* Assets.xcassets */; };
		3BA8E3DC2157039700D7926D /* LaunchScreen.storyboard in Resources */ = {isa = PBXBuildFile; fileRef = 3BA8E3DA2157039700D7926D /* LaunchScreen.storyboard */; };
		3BA8E3EC2157041300D7926D /* CloudKit.framework in Frameworks */ = {isa = PBXBuildFile; fileRef = 3BA8E3EB2157041300D7926D /* CloudKit.framework */; };
		3BA8E3EE215707E300D7926D /* EntryListTableViewController.swift in Sources */ = {isa = PBXBuildFile; fileRef = 3BA8E3ED215707E300D7926D /* EntryListTableViewController.swift */; };
		3BA8E3F0215707F000D7926D /* Entry.swift in Sources */ = {isa = PBXBuildFile; fileRef = 3BA8E3EF215707F000D7926D /* Entry.swift */; };
		3BA8E3F32157081500D7926D /* EntryController.swift in Sources */ = {isa = PBXBuildFile; fileRef = 3BA8E3F22157081500D7926D /* EntryController.swift */; };
		3BA8E3F52157082600D7926D /* CloudKitManager.swift in Sources */ = {isa = PBXBuildFile; fileRef = 3BA8E3F42157082600D7926D /* CloudKitManager.swift */; };
		3BA8E3F72157083900D7926D /* DateFormater.swift in Sources */ = {isa = PBXBuildFile; fileRef = 3BA8E3F62157083900D7926D /* DateFormater.swift */; };
/* End PBXBuildFile section */

/* Begin PBXFileReference section */
		3BA8E3CE2157039500D7926D /* Journal_CK.app */ = {isa = PBXFileReference; explicitFileType = wrapper.application; includeInIndex = 0; path = Journal_CK.app; sourceTree = BUILT_PRODUCTS_DIR; };
		3BA8E3D12157039500D7926D /* AppDelegate.swift */ = {isa = PBXFileReference; lastKnownFileType = sourcecode.swift; path = AppDelegate.swift; sourceTree = "<group>"; };
		3BA8E3D62157039500D7926D /* Base */ = {isa = PBXFileReference; lastKnownFileType = file.storyboard; name = Base; path = Base.lproj/Main.storyboard; sourceTree = "<group>"; };
		3BA8E3D82157039700D7926D /* Assets.xcassets */ = {isa = PBXFileReference; lastKnownFileType = folder.assetcatalog; path = Assets.xcassets; sourceTree = "<group>"; };
		3BA8E3DB2157039700D7926D /* Base */ = {isa = PBXFileReference; lastKnownFileType = file.storyboard; name = Base; path = Base.lproj/LaunchScreen.storyboard; sourceTree = "<group>"; };
		3BA8E3DD2157039700D7926D /* Info.plist */ = {isa = PBXFileReference; lastKnownFileType = text.plist.xml; path = Info.plist; sourceTree = "<group>"; };
		3BA8E3E92157041000D7926D /* Journal_CK.entitlements */ = {isa = PBXFileReference; lastKnownFileType = text.plist.entitlements; path = Journal_CK.entitlements; sourceTree = "<group>"; };
		3BA8E3EB2157041300D7926D /* CloudKit.framework */ = {isa = PBXFileReference; lastKnownFileType = wrapper.framework; name = CloudKit.framework; path = System/Library/Frameworks/CloudKit.framework; sourceTree = SDKROOT; };
		3BA8E3ED215707E300D7926D /* EntryListTableViewController.swift */ = {isa = PBXFileReference; lastKnownFileType = sourcecode.swift; path = EntryListTableViewController.swift; sourceTree = "<group>"; };
		3BA8E3EF215707F000D7926D /* Entry.swift */ = {isa = PBXFileReference; lastKnownFileType = sourcecode.swift; path = Entry.swift; sourceTree = "<group>"; };
		3BA8E3F22157081500D7926D /* EntryController.swift */ = {isa = PBXFileReference; lastKnownFileType = sourcecode.swift; path = EntryController.swift; sourceTree = "<group>"; };
		3BA8E3F42157082600D7926D /* CloudKitManager.swift */ = {isa = PBXFileReference; lastKnownFileType = sourcecode.swift; path = CloudKitManager.swift; sourceTree = "<group>"; };
		3BA8E3F62157083900D7926D /* DateFormater.swift */ = {isa = PBXFileReference; lastKnownFileType = sourcecode.swift; path = DateFormater.swift; sourceTree = "<group>"; };
/* End PBXFileReference section */

/* Begin PBXFrameworksBuildPhase section */
		3BA8E3CB2157039500D7926D /* Frameworks */ = {
			isa = PBXFrameworksBuildPhase;
			buildActionMask = 2147483647;
			files = (
				3BA8E3EC2157041300D7926D /* CloudKit.framework in Frameworks */,
			);
			runOnlyForDeploymentPostprocessing = 0;
		};
/* End PBXFrameworksBuildPhase section */

/* Begin PBXGroup section */
		3BA8E3C52157039500D7926D = {
			isa = PBXGroup;
			children = (
				3BA8E3D02157039500D7926D /* Journal_CK */,
				3BA8E3CF2157039500D7926D /* Products */,
				3BA8E3EA2157041300D7926D /* Frameworks */,
			);
			sourceTree = "<group>";
		};
		3BA8E3CF2157039500D7926D /* Products */ = {
			isa = PBXGroup;
			children = (
				3BA8E3CE2157039500D7926D /* Journal_CK.app */,
			);
			name = Products;
			sourceTree = "<group>";
		};
		3BA8E3D02157039500D7926D /* Journal_CK */ = {
			isa = PBXGroup;
			children = (
				3BA8E3E92157041000D7926D /* Journal_CK.entitlements */,
				3BA8E3E8215703EC00D7926D /* Helpers */,
				3BA8E3E7215703E000D7926D /* CloudManager */,
				3BA8E3F1215707FF00D7926D /* ModelController */,
				3BA8E3E6215703D900D7926D /* Model */,
				3BA8E3E5215703C100D7926D /* ViewControllers */,
				3BA8E3E4215703BA00D7926D /* UI */,
				3BA8E3E3215703B200D7926D /* Resources */,
			);
			path = Journal_CK;
			sourceTree = "<group>";
		};
		3BA8E3E3215703B200D7926D /* Resources */ = {
			isa = PBXGroup;
			children = (
				3BA8E3D12157039500D7926D /* AppDelegate.swift */,
				3BA8E3D82157039700D7926D /* Assets.xcassets */,
				3BA8E3DA2157039700D7926D /* LaunchScreen.storyboard */,
				3BA8E3DD2157039700D7926D /* Info.plist */,
			);
			path = Resources;
			sourceTree = "<group>";
		};
		3BA8E3E4215703BA00D7926D /* UI */ = {
			isa = PBXGroup;
			children = (
				3BA8E3D52157039500D7926D /* Main.storyboard */,
			);
			path = UI;
			sourceTree = "<group>";
		};
		3BA8E3E5215703C100D7926D /* ViewControllers */ = {
			isa = PBXGroup;
			children = (
				3BA8E3ED215707E300D7926D /* EntryListTableViewController.swift */,
			);
			path = ViewControllers;
			sourceTree = "<group>";
		};
		3BA8E3E6215703D900D7926D /* Model */ = {
			isa = PBXGroup;
			children = (
				3BA8E3EF215707F000D7926D /* Entry.swift */,
			);
			path = Model;
			sourceTree = "<group>";
		};
		3BA8E3E7215703E000D7926D /* CloudManager */ = {
			isa = PBXGroup;
			children = (
				3BA8E3F42157082600D7926D /* CloudKitManager.swift */,
			);
			path = CloudManager;
			sourceTree = "<group>";
		};
		3BA8E3E8215703EC00D7926D /* Helpers */ = {
			isa = PBXGroup;
			children = (
				3BA8E3F62157083900D7926D /* DateFormater.swift */,
			);
			path = Helpers;
			sourceTree = "<group>";
		};
		3BA8E3EA2157041300D7926D /* Frameworks */ = {
			isa = PBXGroup;
			children = (
				3BA8E3EB2157041300D7926D /* CloudKit.framework */,
			);
			name = Frameworks;
			sourceTree = "<group>";
		};
		3BA8E3F1215707FF00D7926D /* ModelController */ = {
			isa = PBXGroup;
			children = (
				3BA8E3F22157081500D7926D /* EntryController.swift */,
			);
			path = ModelController;
			sourceTree = "<group>";
		};
/* End PBXGroup section */

/* Begin PBXNativeTarget section */
		3BA8E3CD2157039500D7926D /* Journal_CK */ = {
			isa = PBXNativeTarget;
			buildConfigurationList = 3BA8E3E02157039700D7926D /* Build configuration list for PBXNativeTarget "Journal_CK" */;
			buildPhases = (
				3BA8E3CA2157039500D7926D /* Sources */,
				3BA8E3CB2157039500D7926D /* Frameworks */,
				3BA8E3CC2157039500D7926D /* Resources */,
			);
			buildRules = (
			);
			dependencies = (
			);
			name = Journal_CK;
			productName = Journal_CK;
			productReference = 3BA8E3CE2157039500D7926D /* Journal_CK.app */;
			productType = "com.apple.product-type.application";
		};
/* End PBXNativeTarget section */

/* Begin PBXProject section */
		3BA8E3C62157039500D7926D /* Project object */ = {
			isa = PBXProject;
			attributes = {
				LastSwiftUpdateCheck = 1000;
				LastUpgradeCheck = 1000;
				ORGANIZATIONNAME = "Kamil Wrobel";
				TargetAttributes = {
					3BA8E3CD2157039500D7926D = {
						CreatedOnToolsVersion = 10.0;
						SystemCapabilities = {
							com.apple.Push = {
								enabled = 1;
							};
							com.apple.iCloud = {
								enabled = 1;
							};
						};
					};
				};
			};
			buildConfigurationList = 3BA8E3C92157039500D7926D /* Build configuration list for PBXProject "Journal_CK" */;
			compatibilityVersion = "Xcode 9.3";
			developmentRegion = en;
			hasScannedForEncodings = 0;
			knownRegions = (
				en,
				Base,
			);
			mainGroup = 3BA8E3C52157039500D7926D;
			productRefGroup = 3BA8E3CF2157039500D7926D /* Products */;
			projectDirPath = "";
			projectRoot = "";
			targets = (
				3BA8E3CD2157039500D7926D /* Journal_CK */,
			);
		};
/* End PBXProject section */

/* Begin PBXResourcesBuildPhase section */
		3BA8E3CC2157039500D7926D /* Resources */ = {
			isa = PBXResourcesBuildPhase;
			buildActionMask = 2147483647;
			files = (
				3BA8E3DC2157039700D7926D /* LaunchScreen.storyboard in Resources */,
				3BA8E3D92157039700D7926D /* Assets.xcassets in Resources */,
				3BA8E3D72157039500D7926D /* Main.storyboard in Resources */,
			);
			runOnlyForDeploymentPostprocessing = 0;
		};
/* End PBXResourcesBuildPhase section */

/* Begin PBXSourcesBuildPhase section */
		3BA8E3CA2157039500D7926D /* Sources */ = {
			isa = PBXSourcesBuildPhase;
			buildActionMask = 2147483647;
			files = (
				3BA8E3F0215707F000D7926D /* Entry.swift in Sources */,
				3BA8E3EE215707E300D7926D /* EntryListTableViewController.swift in Sources */,
				3BA8E3F32157081500D7926D /* EntryController.swift in Sources */,
				3BA8E3D22157039500D7926D /* AppDelegate.swift in Sources */,
				3BA8E3F52157082600D7926D /* CloudKitManager.swift in Sources */,
				3BA8E3F72157083900D7926D /* DateFormater.swift in Sources */,
			);
			runOnlyForDeploymentPostprocessing = 0;
		};
/* End PBXSourcesBuildPhase section */

/* Begin PBXVariantGroup section */
		3BA8E3D52157039500D7926D /* Main.storyboard */ = {
			isa = PBXVariantGroup;
			children = (
				3BA8E3D62157039500D7926D /* Base */,
			);
			name = Main.storyboard;
			sourceTree = "<group>";
		};
		3BA8E3DA2157039700D7926D /* LaunchScreen.storyboard */ = {
			isa = PBXVariantGroup;
			children = (
				3BA8E3DB2157039700D7926D /* Base */,
			);
			name = LaunchScreen.storyboard;
			sourceTree = "<group>";
		};
/* End PBXVariantGroup section */

/* Begin XCBuildConfiguration section */
		3BA8E3DE2157039700D7926D /* Debug */ = {
			isa = XCBuildConfiguration;
			buildSettings = {
				ALWAYS_SEARCH_USER_PATHS = NO;
				CLANG_ANALYZER_NONNULL = YES;
				CLANG_ANALYZER_NUMBER_OBJECT_CONVERSION = YES_AGGRESSIVE;
				CLANG_CXX_LANGUAGE_STANDARD = "gnu++14";
				CLANG_CXX_LIBRARY = "libc++";
				CLANG_ENABLE_MODULES = YES;
				CLANG_ENABLE_OBJC_ARC = YES;
				CLANG_ENABLE_OBJC_WEAK = YES;
				CLANG_WARN_BLOCK_CAPTURE_AUTORELEASING = YES;
				CLANG_WARN_BOOL_CONVERSION = YES;
				CLANG_WARN_COMMA = YES;
				CLANG_WARN_CONSTANT_CONVERSION = YES;
				CLANG_WARN_DEPRECATED_OBJC_IMPLEMENTATIONS = YES;
				CLANG_WARN_DIRECT_OBJC_ISA_USAGE = YES_ERROR;
				CLANG_WARN_DOCUMENTATION_COMMENTS = YES;
				CLANG_WARN_EMPTY_BODY = YES;
				CLANG_WARN_ENUM_CONVERSION = YES;
				CLANG_WARN_INFINITE_RECURSION = YES;
				CLANG_WARN_INT_CONVERSION = YES;
				CLANG_WARN_NON_LITERAL_NULL_CONVERSION = YES;
				CLANG_WARN_OBJC_IMPLICIT_RETAIN_SELF = YES;
				CLANG_WARN_OBJC_LITERAL_CONVERSION = YES;
				CLANG_WARN_OBJC_ROOT_CLASS = YES_ERROR;
				CLANG_WARN_RANGE_LOOP_ANALYSIS = YES;
				CLANG_WARN_STRICT_PROTOTYPES = YES;
				CLANG_WARN_SUSPICIOUS_MOVE = YES;
				CLANG_WARN_UNGUARDED_AVAILABILITY = YES_AGGRESSIVE;
				CLANG_WARN_UNREACHABLE_CODE = YES;
				CLANG_WARN__DUPLICATE_METHOD_MATCH = YES;
				CODE_SIGN_IDENTITY = "iPhone Developer";
				COPY_PHASE_STRIP = NO;
				DEBUG_INFORMATION_FORMAT = dwarf;
				ENABLE_STRICT_OBJC_MSGSEND = YES;
				ENABLE_TESTABILITY = YES;
				GCC_C_LANGUAGE_STANDARD = gnu11;
				GCC_DYNAMIC_NO_PIC = NO;
				GCC_NO_COMMON_BLOCKS = YES;
				GCC_OPTIMIZATION_LEVEL = 0;
				GCC_PREPROCESSOR_DEFINITIONS = (
					"DEBUG=1",
					"$(inherited)",
				);
				GCC_WARN_64_TO_32_BIT_CONVERSION = YES;
				GCC_WARN_ABOUT_RETURN_TYPE = YES_ERROR;
				GCC_WARN_UNDECLARED_SELECTOR = YES;
				GCC_WARN_UNINITIALIZED_AUTOS = YES_AGGRESSIVE;
				GCC_WARN_UNUSED_FUNCTION = YES;
				GCC_WARN_UNUSED_VARIABLE = YES;
				IPHONEOS_DEPLOYMENT_TARGET = 12.0;
				MTL_ENABLE_DEBUG_INFO = INCLUDE_SOURCE;
				MTL_FAST_MATH = YES;
				ONLY_ACTIVE_ARCH = YES;
				SDKROOT = iphoneos;
				SWIFT_ACTIVE_COMPILATION_CONDITIONS = DEBUG;
				SWIFT_OPTIMIZATION_LEVEL = "-Onone";
			};
			name = Debug;
		};
		3BA8E3DF2157039700D7926D /* Release */ = {
			isa = XCBuildConfiguration;
			buildSettings = {
				ALWAYS_SEARCH_USER_PATHS = NO;
				CLANG_ANALYZER_NONNULL = YES;
				CLANG_ANALYZER_NUMBER_OBJECT_CONVERSION = YES_AGGRESSIVE;
				CLANG_CXX_LANGUAGE_STANDARD = "gnu++14";
				CLANG_CXX_LIBRARY = "libc++";
				CLANG_ENABLE_MODULES = YES;
				CLANG_ENABLE_OBJC_ARC = YES;
				CLANG_ENABLE_OBJC_WEAK = YES;
				CLANG_WARN_BLOCK_CAPTURE_AUTORELEASING = YES;
				CLANG_WARN_BOOL_CONVERSION = YES;
				CLANG_WARN_COMMA = YES;
				CLANG_WARN_CONSTANT_CONVERSION = YES;
				CLANG_WARN_DEPRECATED_OBJC_IMPLEMENTATIONS = YES;
				CLANG_WARN_DIRECT_OBJC_ISA_USAGE = YES_ERROR;
				CLANG_WARN_DOCUMENTATION_COMMENTS = YES;
				CLANG_WARN_EMPTY_BODY = YES;
				CLANG_WARN_ENUM_CONVERSION = YES;
				CLANG_WARN_INFINITE_RECURSION = YES;
				CLANG_WARN_INT_CONVERSION = YES;
				CLANG_WARN_NON_LITERAL_NULL_CONVERSION = YES;
				CLANG_WARN_OBJC_IMPLICIT_RETAIN_SELF = YES;
				CLANG_WARN_OBJC_LITERAL_CONVERSION = YES;
				CLANG_WARN_OBJC_ROOT_CLASS = YES_ERROR;
				CLANG_WARN_RANGE_LOOP_ANALYSIS = YES;
				CLANG_WARN_STRICT_PROTOTYPES = YES;
				CLANG_WARN_SUSPICIOUS_MOVE = YES;
				CLANG_WARN_UNGUARDED_AVAILABILITY = YES_AGGRESSIVE;
				CLANG_WARN_UNREACHABLE_CODE = YES;
				CLANG_WARN__DUPLICATE_METHOD_MATCH = YES;
				CODE_SIGN_IDENTITY = "iPhone Developer";
				COPY_PHASE_STRIP = NO;
				DEBUG_INFORMATION_FORMAT = "dwarf-with-dsym";
				ENABLE_NS_ASSERTIONS = NO;
				ENABLE_STRICT_OBJC_MSGSEND = YES;
				GCC_C_LANGUAGE_STANDARD = gnu11;
				GCC_NO_COMMON_BLOCKS = YES;
				GCC_WARN_64_TO_32_BIT_CONVERSION = YES;
				GCC_WARN_ABOUT_RETURN_TYPE = YES_ERROR;
				GCC_WARN_UNDECLARED_SELECTOR = YES;
				GCC_WARN_UNINITIALIZED_AUTOS = YES_AGGRESSIVE;
				GCC_WARN_UNUSED_FUNCTION = YES;
				GCC_WARN_UNUSED_VARIABLE = YES;
				IPHONEOS_DEPLOYMENT_TARGET = 12.0;
				MTL_ENABLE_DEBUG_INFO = NO;
				MTL_FAST_MATH = YES;
				SDKROOT = iphoneos;
				SWIFT_COMPILATION_MODE = wholemodule;
				SWIFT_OPTIMIZATION_LEVEL = "-O";
				VALIDATE_PRODUCT = YES;
			};
			name = Release;
		};
		3BA8E3E12157039700D7926D /* Debug */ = {
			isa = XCBuildConfiguration;
			buildSettings = {
				ASSETCATALOG_COMPILER_APPICON_NAME = AppIcon;
				CODE_SIGN_ENTITLEMENTS = Journal_CK/Journal_CK.entitlements;
				CODE_SIGN_STYLE = Automatic;
				DEVELOPMENT_TEAM = 5EAUJPVR66;
				INFOPLIST_FILE = "$(SRCROOT)/Journal_CK/Resources/Info.plist";
				LD_RUNPATH_SEARCH_PATHS = (
					"$(inherited)",
					"@executable_path/Frameworks",
				);
				PRODUCT_BUNDLE_IDENTIFIER = "com.xwrobelekx.Journal-CK";
				PRODUCT_NAME = "$(TARGET_NAME)";
				SWIFT_VERSION = 4.2;
				TARGETED_DEVICE_FAMILY = "1,2";
			};
			name = Debug;
		};
		3BA8E3E22157039700D7926D /* Release */ = {
			isa = XCBuildConfiguration;
			buildSettings = {
				ASSETCATALOG_COMPILER_APPICON_NAME = AppIcon;
				CODE_SIGN_ENTITLEMENTS = Journal_CK/Journal_CK.entitlements;
				CODE_SIGN_STYLE = Automatic;
				DEVELOPMENT_TEAM = 5EAUJPVR66;
				INFOPLIST_FILE = "$(SRCROOT)/Journal_CK/Resources/Info.plist";
				LD_RUNPATH_SEARCH_PATHS = (
					"$(inherited)",
					"@executable_path/Frameworks",
				);
				PRODUCT_BUNDLE_IDENTIFIER = "com.xwrobelekx.Journal-CK";
				PRODUCT_NAME = "$(TARGET_NAME)";
				SWIFT_VERSION = 4.2;
				TARGETED_DEVICE_FAMILY = "1,2";
			};
			name = Release;
		};
/* End XCBuildConfiguration section */

/* Begin XCConfigurationList section */
		3BA8E3C92157039500D7926D /* Build configuration list for PBXProject "Journal_CK" */ = {
			isa = XCConfigurationList;
			buildConfigurations = (
				3BA8E3DE2157039700D7926D /* Debug */,
				3BA8E3DF2157039700D7926D /* Release */,
			);
			defaultConfigurationIsVisible = 0;
			defaultConfigurationName = Release;
		};
		3BA8E3E02157039700D7926D /* Build configuration list for PBXNativeTarget "Journal_CK" */ = {
			isa = XCConfigurationList;
			buildConfigurations = (
				3BA8E3E12157039700D7926D /* Debug */,
				3BA8E3E22157039700D7926D /* Release */,
			);
			defaultConfigurationIsVisible = 0;
			defaultConfigurationName = Release;
		};
/* End XCConfigurationList section */
	};
	rootObject = 3BA8E3C62157039500D7926D /* Project object */;
}
